{
  "name": "discordbot-template",
  "version": "9.0.5",
  "lockfileVersion": 3,
  "requires": true,
  "packages": {
    "": {
      "name": "discordbot-template",
      "version": "9.0.5",
      "license": "MIT",
      "dependencies": {
        "discord.js": "^14.14.1",
        "ms": "^2.1.3",
        "simple-json-db": "^2.0.0",
        "tasai": "^1.0.0",
        "undici-types": "^5.26.5"
      }
    },
    "node_modules/@discordjs/builders": {
      "version": "1.7.0",
      "resolved": "https://registry.npmjs.org/@discordjs/builders/-/builders-1.7.0.tgz",
      "integrity": "sha512-GDtbKMkg433cOZur8Dv6c25EHxduNIBsxeHrsRoIM8+AwmEZ8r0tEpckx/sHwTLwQPOF3e2JWloZh9ofCaMfAw==",
      "dependencies": {
        "@discordjs/formatters": "^0.3.3",
        "@discordjs/util": "^1.0.2",
        "@sapphire/shapeshift": "^3.9.3",
        "discord-api-types": "0.37.61",
        "fast-deep-equal": "^3.1.3",
        "ts-mixer": "^6.0.3",
        "tslib": "^2.6.2"
      },
      "engines": {
        "node": ">=16.11.0"
      }
    },
    "node_modules/@discordjs/collection": {
      "version": "1.5.3",
      "resolved": "https://registry.npmjs.org/@discordjs/collection/-/collection-1.5.3.tgz",
      "integrity": "sha512-SVb428OMd3WO1paV3rm6tSjM4wC+Kecaa1EUGX7vc6/fddvw/6lg90z4QtCqm21zvVe92vMMDt9+DkIvjXImQQ==",
      "engines": {
        "node": ">=16.11.0"
      }
    },
    "node_modules/@discordjs/formatters": {
      "version": "0.3.3",
      "resolved": "https://registry.npmjs.org/@discordjs/formatters/-/formatters-0.3.3.tgz",
      "integrity": "sha512-wTcI1Q5cps1eSGhl6+6AzzZkBBlVrBdc9IUhJbijRgVjCNIIIZPgqnUj3ntFODsHrdbGU8BEG9XmDQmgEEYn3w==",
      "dependencies": {
        "discord-api-types": "0.37.61"
      },
      "engines": {
        "node": ">=16.11.0"
      }
    },
    "node_modules/@discordjs/rest": {
      "version": "2.2.0",
      "resolved": "https://registry.npmjs.org/@discordjs/rest/-/rest-2.2.0.tgz",
      "integrity": "sha512-nXm9wT8oqrYFRMEqTXQx9DUTeEtXUDMmnUKIhZn6O2EeDY9VCdwj23XCPq7fkqMPKdF7ldAfeVKyxxFdbZl59A==",
      "dependencies": {
        "@discordjs/collection": "^2.0.0",
        "@discordjs/util": "^1.0.2",
        "@sapphire/async-queue": "^1.5.0",
        "@sapphire/snowflake": "^3.5.1",
        "@vladfrangu/async_event_emitter": "^2.2.2",
        "discord-api-types": "0.37.61",
        "magic-bytes.js": "^1.5.0",
        "tslib": "^2.6.2",
        "undici": "5.27.2"
      },
      "engines": {
        "node": ">=16.11.0"
      }
    },
    "node_modules/@discordjs/rest/node_modules/@discordjs/collection": {
      "version": "2.0.0",
      "resolved": "https://registry.npmjs.org/@discordjs/collection/-/collection-2.0.0.tgz",
      "integrity": "sha512-YTWIXLrf5FsrLMycpMM9Q6vnZoR/lN2AWX23/Cuo8uOOtS8eHB2dyQaaGnaF8aZPYnttf2bkLMcXn/j6JUOi3w==",
      "engines": {
        "node": ">=18"
      }
    },
    "node_modules/@discordjs/util": {
      "version": "1.0.2",
      "resolved": "https://registry.npmjs.org/@discordjs/util/-/util-1.0.2.tgz",
      "integrity": "sha512-IRNbimrmfb75GMNEjyznqM1tkI7HrZOf14njX7tCAAUetyZM1Pr8hX/EK2lxBCOgWDRmigbp24fD1hdMfQK5lw==",
      "engines": {
        "node": ">=16.11.0"
      }
    },
    "node_modules/@discordjs/ws": {
      "version": "1.0.2",
      "resolved": "https://registry.npmjs.org/@discordjs/ws/-/ws-1.0.2.tgz",
      "integrity": "sha512-+XI82Rm2hKnFwAySXEep4A7Kfoowt6weO6381jgW+wVdTpMS/56qCvoXyFRY0slcv7c/U8My2PwIB2/wEaAh7Q==",
      "dependencies": {
        "@discordjs/collection": "^2.0.0",
        "@discordjs/rest": "^2.1.0",
        "@discordjs/util": "^1.0.2",
        "@sapphire/async-queue": "^1.5.0",
        "@types/ws": "^8.5.9",
        "@vladfrangu/async_event_emitter": "^2.2.2",
        "discord-api-types": "0.37.61",
        "tslib": "^2.6.2",
        "ws": "^8.14.2"
      },
      "engines": {
        "node": ">=16.11.0"
      }
    },
    "node_modules/@discordjs/ws/node_modules/@discordjs/collection": {
      "version": "2.0.0",
      "resolved": "https://registry.npmjs.org/@discordjs/collection/-/collection-2.0.0.tgz",
      "integrity": "sha512-YTWIXLrf5FsrLMycpMM9Q6vnZoR/lN2AWX23/Cuo8uOOtS8eHB2dyQaaGnaF8aZPYnttf2bkLMcXn/j6JUOi3w==",
      "engines": {
        "node": ">=18"
      }
    },
    "node_modules/@fastify/busboy": {
      "version": "2.1.0",
      "resolved": "https://registry.npmjs.org/@fastify/busboy/-/busboy-2.1.0.tgz",
      "integrity": "sha512-+KpH+QxZU7O4675t3mnkQKcZZg56u+K/Ct2K+N2AZYNVK8kyeo/bI18tI8aPm3tvNNRyTWfj6s5tnGNlcbQRsA==",
      "engines": {
        "node": ">=14"
      }
    },
    "node_modules/@sapphire/async-queue": {
      "version": "1.5.1",
      "resolved": "https://registry.npmjs.org/@sapphire/async-queue/-/async-queue-1.5.1.tgz",
      "integrity": "sha512-1RdpsmDQR/aWfp8oJzPtn4dNQrbpqSL5PIA0uAB/XwerPXUf994Ug1au1e7uGcD7ei8/F63UDjr5GWps1g/HxQ==",
      "engines": {
        "node": ">=v14.0.0",
        "npm": ">=7.0.0"
      }
    },
    "node_modules/@sapphire/shapeshift": {
      "version": "3.9.5",
      "resolved": "https://registry.npmjs.org/@sapphire/shapeshift/-/shapeshift-3.9.5.tgz",
      "integrity": "sha512-AGdHe+51gF7D3W8hBfuSFLBocURDCXVQczScTHXDS3RpNjNgrktIx/amlz5y8nHhm8SAdFt/X8EF8ZSfjJ0tnA==",
      "dependencies": {
        "fast-deep-equal": "^3.1.3",
        "lodash": "^4.17.21"
      },
      "engines": {
        "node": ">=v18"
      }
    },
    "node_modules/@sapphire/snowflake": {
      "version": "3.5.1",
      "resolved": "https://registry.npmjs.org/@sapphire/snowflake/-/snowflake-3.5.1.tgz",
      "integrity": "sha512-BxcYGzgEsdlG0dKAyOm0ehLGm2CafIrfQTZGWgkfKYbj+pNNsorZ7EotuZukc2MT70E0UbppVbtpBrqpzVzjNA==",
      "engines": {
        "node": ">=v14.0.0",
        "npm": ">=7.0.0"
      }
    },
    "node_modules/@types/node": {
      "version": "20.11.5",
      "resolved": "https://registry.npmjs.org/@types/node/-/node-20.11.5.tgz",
      "integrity": "sha512-g557vgQjUUfN76MZAN/dt1z3dzcUsimuysco0KeluHgrPdJXkP/XdAURgyO2W9fZWHRtRBiVKzKn8vyOAwlG+w==",
      "dependencies": {
        "undici-types": "~5.26.4"
      }
    },
    "node_modules/@types/ws": {
      "version": "8.5.9",
      "resolved": "https://registry.npmjs.org/@types/ws/-/ws-8.5.9.tgz",
      "integrity": "sha512-jbdrY0a8lxfdTp/+r7Z4CkycbOFN8WX+IOchLJr3juT/xzbJ8URyTVSJ/hvNdadTgM1mnedb47n+Y31GsFnQlg==",
      "dependencies": {
        "@types/node": "*"
      }
    },
    "node_modules/@vladfrangu/async_event_emitter": {
      "version": "2.2.4",
      "resolved": "https://registry.npmjs.org/@vladfrangu/async_event_emitter/-/async_event_emitter-2.2.4.tgz",
      "integrity": "sha512-ButUPz9E9cXMLgvAW8aLAKKJJsPu1dY1/l/E8xzLFuysowXygs6GBcyunK9rnGC4zTsnIc2mQo71rGw9U+Ykug==",
      "engines": {
        "node": ">=v14.0.0",
        "npm": ">=7.0.0"
      }
    },
    "node_modules/discord-api-types": {
      "version": "0.37.61",
      "resolved": "https://registry.npmjs.org/discord-api-types/-/discord-api-types-0.37.61.tgz",
      "integrity": "sha512-o/dXNFfhBpYHpQFdT6FWzeO7pKc838QeeZ9d91CfVAtpr5XLK4B/zYxQbYgPdoMiTDvJfzcsLW5naXgmHGDNXw=="
    },
    "node_modules/discord.js": {
      "version": "14.14.1",
      "resolved": "https://registry.npmjs.org/discord.js/-/discord.js-14.14.1.tgz",
      "integrity": "sha512-/hUVzkIerxKHyRKopJy5xejp4MYKDPTszAnpYxzVVv4qJYf+Tkt+jnT2N29PIPschicaEEpXwF2ARrTYHYwQ5w==",
      "dependencies": {
        "@discordjs/builders": "^1.7.0",
        "@discordjs/collection": "1.5.3",
        "@discordjs/formatters": "^0.3.3",
        "@discordjs/rest": "^2.1.0",
        "@discordjs/util": "^1.0.2",
        "@discordjs/ws": "^1.0.2",
        "@sapphire/snowflake": "3.5.1",
        "@types/ws": "8.5.9",
        "discord-api-types": "0.37.61",
        "fast-deep-equal": "3.1.3",
        "lodash.snakecase": "4.1.1",
        "tslib": "2.6.2",
        "undici": "5.27.2",
        "ws": "8.14.2"
      },
      "engines": {
        "node": ">=16.11.0"
      }
    },
    "node_modules/fast-deep-equal": {
      "version": "3.1.3",
      "resolved": "https://registry.npmjs.org/fast-deep-equal/-/fast-deep-equal-3.1.3.tgz",
      "integrity": "sha512-f3qQ9oQy9j2AhBe/H9VC91wLmKBCCU/gDOnKNAYG5hswO7BLKj09Hc5HYNz9cGI++xlpDCIgDaitVs03ATR84Q=="
    },
    "node_modules/lodash": {
      "version": "4.17.21",
      "resolved": "https://registry.npmjs.org/lodash/-/lodash-4.17.21.tgz",
      "integrity": "sha512-v2kDEe57lecTulaDIuNTPy3Ry4gLGJ6Z1O3vE1krgXZNrsQ+LFTGHVxVjcXPs17LhbZVGedAJv8XZ1tvj5FvSg=="
    },
    "node_modules/lodash.snakecase": {
      "version": "4.1.1",
      "resolved": "https://registry.npmjs.org/lodash.snakecase/-/lodash.snakecase-4.1.1.tgz",
      "integrity": "sha512-QZ1d4xoBHYUeuouhEq3lk3Uq7ldgyFXGBhg04+oRLnIz8o9T65Eh+8YdroUwn846zchkA9yDsDl5CVVaV2nqYw=="
    },
    "node_modules/magic-bytes.js": {
      "version": "1.8.0",
      "resolved": "https://registry.npmjs.org/magic-bytes.js/-/magic-bytes.js-1.8.0.tgz",
      "integrity": "sha512-lyWpfvNGVb5lu8YUAbER0+UMBTdR63w2mcSUlhhBTyVbxJvjgqwyAf3AZD6MprgK0uHuBoWXSDAMWLupX83o3Q=="
    },
    "node_modules/ms": {
      "version": "2.1.3",
      "resolved": "https://registry.npmjs.org/ms/-/ms-2.1.3.tgz",
      "integrity": "sha512-6FlzubTLZG3J2a/NVCAleEhjzq5oxgHyaCU9yYXvcLsvoVaHJq/s5xXI6/XXP6tz7R9xAOtHnSO/tXtF3WRTlA=="
    },
    "node_modules/simple-json-db": {
      "version": "2.0.0",
      "resolved": "https://registry.npmjs.org/simple-json-db/-/simple-json-db-2.0.0.tgz",
      "integrity": "sha512-oTh7gFQzqAe0E8RN3EkisPo0CojkzcKCKibTcJncg0yt47hWTaNwwjX/FsxfXSTDxfMjBFXFVnZe/EskAlJr7w==",
      "engines": {
        "node": ">=10.0"
      }
    },
    "node_modules/tasai": {
      "version": "1.0.0",
      "resolved": "https://registry.npmjs.org/tasai/-/tasai-1.0.0.tgz",
      "integrity": "sha512-UHSwlJO2qv3Mw7YrH+mLsjTV6MBaCU6krOGX6Vk/2NqbUHQHqhu4x61FFmvgPLCx8nJy3OxVPvTqkqvqzh51Xw==",
      "engines": {
        "bun": ">=1.0.20",
        "node": ">=18.0.0"
      }
    },
    "node_modules/ts-mixer": {
      "version": "6.0.3",
      "resolved": "https://registry.npmjs.org/ts-mixer/-/ts-mixer-6.0.3.tgz",
      "integrity": "sha512-k43M7uCG1AkTyxgnmI5MPwKoUvS/bRvLvUb7+Pgpdlmok8AoqmUaZxUUw8zKM5B1lqZrt41GjYgnvAi0fppqgQ=="
    },
    "node_modules/tslib": {
      "version": "2.6.2",
      "resolved": "https://registry.npmjs.org/tslib/-/tslib-2.6.2.tgz",
      "integrity": "sha512-AEYxH93jGFPn/a2iVAwW87VuUIkR1FVUKB77NwMF7nBTDkDrrT/Hpt/IrCJ0QXhW27jTBDcf5ZY7w6RiqTMw2Q=="
    },
    "node_modules/undici": {
      "version": "5.27.2",
      "resolved": "https://registry.npmjs.org/undici/-/undici-5.27.2.tgz",
      "integrity": "sha512-iS857PdOEy/y3wlM3yRp+6SNQQ6xU0mmZcwRSriqk+et/cwWAtwmIGf6WkoDN2EK/AMdCO/dfXzIwi+rFMrjjQ==",
      "dependencies": {
        "@fastify/busboy": "^2.0.0"
      },
      "engines": {
        "node": ">=14.0"
      }
    },
    "node_modules/undici-types": {
      "version": "5.26.5",
      "resolved": "https://registry.npmjs.org/undici-types/-/undici-types-5.26.5.tgz",
      "integrity": "sha512-JlCMO+ehdEIKqlFxk6IfVoAUVmgz7cU7zD/h9XZ0qzeosSHmUJVOzSQvvYSYWXkFXC+IfLKSIffhv0sVZup6pA=="
    },
    "node_modules/ws": {
      "version": "8.14.2",
      "resolved": "https://registry.npmjs.org/ws/-/ws-8.14.2.tgz",
      "integrity": "sha512-wEBG1ftX4jcglPxgFCMJmZ2PLtSbJ2Peg6TmpJFTbe9GZYOQCDPdMYu/Tm0/bGZkw8paZnJY45J4K2PZrLYq8g==",
      "engines": {
        "node": ">=10.0.0"
      },
      "peerDependencies": {
        "bufferutil": "^4.0.1",
        "utf-8-validate": ">=5.0.2"
      },
      "peerDependenciesMeta": {
        "bufferutil": {
          "optional": true
        },
        "utf-8-validate": {
          "optional": true
        }
      }
    }
  }
}
