# THIS IS AN AUTOGENERATED FILE. DO NOT EDIT THIS FILE DIRECTLY.
# yarn lockfile v1


"@discordjs/builders@^1.1.0":
  version "1.1.0"
  resolved "https://registry.yarnpkg.com/@discordjs/builders/-/builders-1.1.0.tgz#4366a4fe069238c3e6e674b74404c79f3ba76525"
  integrity sha512-EO8TSltiIc9Z1wE854wAFvv5AccqEtvjFmao9PPoxQhRaJ0hEb7FwWRTCA1jGg4ZWI3hcp4m+RET5ufZQz3rOg==
  dependencies:
    "@sapphire/shapeshift" "^3.5.1"
    discord-api-types "^0.36.3"
    fast-deep-equal "^3.1.3"
    ts-mixer "^6.0.1"
    tslib "^2.4.0"

"@discordjs/collection@^1.0.1":
  version "1.0.1"
  resolved "https://registry.yarnpkg.com/@discordjs/collection/-/collection-1.0.1.tgz#4acc41dfdacd6a14a7cf3109968044a2d40593dd"
  integrity sha512-5V/wswzR3r2RVYXLxxg4TvrAnBhVCNgHTXhC+OUtLoriJ072rPMHo+Iw1SS1vrCckp8Es40XM411+WkNRPaXFw==

"@discordjs/rest@^1.0.1":
  version "1.0.1"
  resolved "https://registry.yarnpkg.com/@discordjs/rest/-/rest-1.0.1.tgz#5c1c379de9eb4170b4964a11ced8add1d5ae808d"
  integrity sha512-w08CTKVzzYYvKxEjXKOs9AdS7KQ1J502TrPfF8eCZ2lF6AfKuMP/32YgDakiwIyYTDjEQS/v0nKLSFcncHRMtg==
  dependencies:
    "@discordjs/collection" "^1.0.1"
    "@sapphire/async-queue" "^1.3.2"
    "@sapphire/snowflake" "^3.2.2"
    discord-api-types "^0.36.3"
    file-type "^17.1.4"
    tslib "^2.4.0"
    undici "^5.8.0"

"@sapphire/async-queue@^1.3.2":
  version "1.4.0"
  resolved "https://registry.yarnpkg.com/@sapphire/async-queue/-/async-queue-1.4.0.tgz#f4350feb70cbeb30448ac89e1819416ee4475414"
  integrity sha512-1npoLO1YPPXCsWCfuonsSdtHbPUo6dvjWUJtmUHiK8yDTmy00LbkpRkdV/UycA1fh+QsxwOPhgx2zu64Z+19ww==

"@sapphire/shapeshift@^3.5.1":
  version "3.5.1"
  resolved "https://registry.yarnpkg.com/@sapphire/shapeshift/-/shapeshift-3.5.1.tgz#3bfd0e6bcfdced4ac26a6f450b5f7b8e49f4f2cc"
  integrity sha512-7JFsW5IglyOIUQI1eE0g6h06D/Far6HqpcowRScgCiLSqTf3hhkPWCWotVTtVycnDCMYIwPeaw6IEPBomKC8pA==
  dependencies:
    fast-deep-equal "^3.1.3"
    lodash.uniqwith "^4.5.0"

"@sapphire/snowflake@^3.2.2":
  version "3.2.2"
  resolved "https://registry.yarnpkg.com/@sapphire/snowflake/-/snowflake-3.2.2.tgz#faacdc1b5f7c43145a71eddba917de2b707ef780"
  integrity sha512-ula2O0kpSZtX9rKXNeQMrHwNd7E4jPDJYUXmEGTFdMRfyfMw+FPyh04oKMjAiDuOi64bYgVkOV3MjK+loImFhQ==

"@tokenizer/token@^0.3.0":
  version "0.3.0"
  resolved "https://registry.yarnpkg.com/@tokenizer/token/-/token-0.3.0.tgz#fe98a93fe789247e998c75e74e9c7c63217aa276"
  integrity sha512-OvjF+z51L3ov0OyAU0duzsYuvO01PH7x4t6DJx+guahgTnBHkhJdG7soQeTSFLWN3efnHyibZ4Z8l2EuWwJN3A==

"@types/node@*":
  version "18.7.2"
  resolved "https://registry.yarnpkg.com/@types/node/-/node-18.7.2.tgz#22306626110c459aedd2cdf131c749ec781e3b34"
  integrity sha512-ce7MIiaYWCFv6A83oEultwhBXb22fxwNOQf5DIxWA4WXvDQ7K+L0fbWl/YOfCzlR5B/uFkSnVBhPcOfOECcWvA==

"@types/ws@^8.5.3":
  version "8.5.3"
  resolved "https://registry.yarnpkg.com/@types/ws/-/ws-8.5.3.tgz#7d25a1ffbecd3c4f2d35068d0b283c037003274d"
  integrity sha512-6YOoWjruKj1uLf3INHH7D3qTXwFfEsg1kf3c0uDdSBJwfa/llkwIjrAGV7j7mVgGNbzTQ3HiHKKDXl6bJPD97w==
  dependencies:
    "@types/node" "*"

ansi-styles@^4.1.0:
  version "4.3.0"
  resolved "https://registry.yarnpkg.com/ansi-styles/-/ansi-styles-4.3.0.tgz#edd803628ae71c04c85ae7a0906edad34b648937"
  integrity sha512-zbB9rCJAT1rbjiVDb2hqKFHNYLxgtk8NURxZ3IZwD3F6NtxbXZQCnnSi1Lkx+IDohdPlFp222wVALIheZJQSEg==
  dependencies:
    color-convert "^2.0.1"

balanced-match@^1.0.0:
  version "1.0.2"
  resolved "https://registry.yarnpkg.com/balanced-match/-/balanced-match-1.0.2.tgz#e83e3a7e3f300b34cb9d87f615fa0cbf357690ee"
  integrity sha512-3oSeUO0TMV67hN1AmbXsK4yaqU7tjiHlbxRDZOpH0KW9+CeX4bRAaX0Anxt0tx2MrpRpWwQaPwIlISEJhYU5Pw==

brace-expansion@^1.1.7:
  version "1.1.11"
  resolved "https://registry.yarnpkg.com/brace-expansion/-/brace-expansion-1.1.11.tgz#3c7fcbf529d87226f3d2f52b966ff5271eb441dd"
  integrity sha512-iCuPHDFgrHX7H2vEI/5xpz07zSHB00TpugqhmYtVmMO6518mCuRMoOYFldEBl0g187ufozdaHgWKcYFb61qGiA==
  dependencies:
    balanced-match "^1.0.0"
    concat-map "0.0.1"

brace-expansion@^2.0.1:
  version "2.0.1"
  resolved "https://registry.yarnpkg.com/brace-expansion/-/brace-expansion-2.0.1.tgz#1edc459e0f0c548486ecf9fc99f2221364b9a0ae"
  integrity sha512-XnAIvQ8eM+kC6aULx6wuQiwVsnzsi9d3WxzV3FpWTGA19F621kwdbsAcFKXgKUHZWsy+mY6iL1sHTxWEFCytDA==
  dependencies:
    balanced-match "^1.0.0"

chalk@4.1.2:
  version "4.1.2"
  resolved "https://registry.yarnpkg.com/chalk/-/chalk-4.1.2.tgz#aac4e2b7734a740867aeb16bf02aad556a1e7a01"
  integrity sha512-oKnbhFyRIXpUuez8iBMmyEa4nbj4IOQyuhc/wy9kY7/WVPcwIO9VA668Pu8RkO7+0G76SLROeyw9CpQ061i4mA==
  dependencies:
    ansi-styles "^4.1.0"
    supports-color "^7.1.0"

color-convert@^2.0.1:
  version "2.0.1"
  resolved "https://registry.yarnpkg.com/color-convert/-/color-convert-2.0.1.tgz#72d3a68d598c9bdb3af2ad1e84f21d896abd4de3"
  integrity sha512-RRECPsj7iu/xb5oKYcsFHSppFNnsj/52OVTRKb4zP5onXwVF3zVmmToNcOfGC+CRDpfK/U584fMg38ZHCaElKQ==
  dependencies:
    color-name "~1.1.4"

color-name@~1.1.4:
  version "1.1.4"
  resolved "https://registry.yarnpkg.com/color-name/-/color-name-1.1.4.tgz#c2a09a87acbde69543de6f63fa3995c826c536a2"
  integrity sha512-dOy+3AuW3a2wNbZHIuMZpTcgjGuLU/uBL/ubcZF9OXbDo8ff4O8yVp5Bf0efS8uEoYo5q4Fx7dY9OgQGXgAsQA==

concat-map@0.0.1:
  version "0.0.1"
  resolved "https://registry.yarnpkg.com/concat-map/-/concat-map-0.0.1.tgz#d8a96bd77fd68df7793a73036a3ba0d5405d477b"
  integrity sha512-/Srv4dswyQNBfohGpz9o6Yb3Gz3SrUDqBH5rTuhGR7ahtlbYKnVxw2bCFMRljaA7EXHaXZ8wsHdodFvbkhKmqg==

discord-api-types@^0.36.3:
  version "0.36.3"
  resolved "https://registry.yarnpkg.com/discord-api-types/-/discord-api-types-0.36.3.tgz#a931b7e57473a5c971d6937fa5f392eb30047579"
  integrity sha512-bz/NDyG0KBo/tY14vSkrwQ/n3HKPf87a0WFW/1M9+tXYK+vp5Z5EksawfCWo2zkAc6o7CClc0eff1Pjrqznlwg==

discord.js@^14.2.0:
  version "14.2.0"
  resolved "https://registry.yarnpkg.com/discord.js/-/discord.js-14.2.0.tgz#42f5669a267bf29f355f4b2b8db02bd84c40a601"
  integrity sha512-kIGhEeOB1d9k7whL9HCCuRuzK2GL7i/hTesYINOZ2szWm4TOsBVwRU+i9O/zDb2M+Gvff4SJ4EpAtCVV0okgVw==
  dependencies:
    "@discordjs/builders" "^1.1.0"
    "@discordjs/collection" "^1.0.1"
    "@discordjs/rest" "^1.0.1"
    "@sapphire/snowflake" "^3.2.2"
    "@types/ws" "^8.5.3"
    discord-api-types "^0.36.3"
    fast-deep-equal "^3.1.3"
    lodash.snakecase "^4.1.1"
    tslib "^2.4.0"
    undici "^5.8.2"
    ws "^8.8.1"

fast-deep-equal@^3.1.3:
  version "3.1.3"
  resolved "https://registry.yarnpkg.com/fast-deep-equal/-/fast-deep-equal-3.1.3.tgz#3a7d56b559d6cbc3eb512325244e619a65c6c525"
  integrity sha512-f3qQ9oQy9j2AhBe/H9VC91wLmKBCCU/gDOnKNAYG5hswO7BLKj09Hc5HYNz9cGI++xlpDCIgDaitVs03ATR84Q==

file-type@^17.1.4:
  version "17.1.6"
  resolved "https://registry.yarnpkg.com/file-type/-/file-type-17.1.6.tgz#18669e0577a4849ef6e73a41f8bdf1ab5ae21023"
  integrity sha512-hlDw5Ev+9e883s0pwUsuuYNu4tD7GgpUnOvykjv1Gya0ZIjuKumthDRua90VUn6/nlRKAjcxLUnHNTIUWwWIiw==
  dependencies:
    readable-web-to-node-stream "^3.0.2"
    strtok3 "^7.0.0-alpha.9"
    token-types "^5.0.0-alpha.2"

fs.realpath@^1.0.0:
  version "1.0.0"
  resolved "https://registry.yarnpkg.com/fs.realpath/-/fs.realpath-1.0.0.tgz#1504ad2523158caa40db4a2787cb01411994ea4f"
  integrity sha512-OO0pH2lK6a0hZnAdau5ItzHPI6pUlvI7jMVnxUQRtw4owF2wk8lOSabtGDCTP4Ggrg2MbGnWO9X8K1t4+fGMDw==

fs@^0.0.1-security:
  version "0.0.1-security"
  resolved "https://registry.yarnpkg.com/fs/-/fs-0.0.1-security.tgz#8a7bd37186b6dddf3813f23858b57ecaaf5e41d4"
  integrity sha512-3XY9e1pP0CVEUCdj5BmfIZxRBTSDycnbqhIOGec9QYtmVH2fbLpj86CFWkrNOkt/Fvty4KZG5lTglL9j/gJ87w==

glob@^7.1.6:
  version "7.2.3"
  resolved "https://registry.yarnpkg.com/glob/-/glob-7.2.3.tgz#b8df0fb802bbfa8e89bd1d938b4e16578ed44f2b"
  integrity sha512-nFR0zLpU2YCaRxwoCJvL6UvCH2JFyFVIvwTLsIf21AuHlMskA1hhTdk+LlYJtOlYt9v6dvszD2BGRqBL+iQK9Q==
  dependencies:
    fs.realpath "^1.0.0"
    inflight "^1.0.4"
    inherits "2"
    minimatch "^3.1.1"
    once "^1.3.0"
    path-is-absolute "^1.0.0"

glob@^8.0.3:
  version "8.0.3"
  resolved "https://registry.yarnpkg.com/glob/-/glob-8.0.3.tgz#415c6eb2deed9e502c68fa44a272e6da6eeca42e"
  integrity sha512-ull455NHSHI/Y1FqGaaYFaLGkNMMJbavMrEGFXG/PGrg6y7sutWHUHrz6gy6WEBH6akM1M414dWKCNs+IhKdiQ==
  dependencies:
    fs.realpath "^1.0.0"
    inflight "^1.0.4"
    inherits "2"
    minimatch "^5.0.1"
    once "^1.3.0"

has-flag@^4.0.0:
  version "4.0.0"
  resolved "https://registry.yarnpkg.com/has-flag/-/has-flag-4.0.0.tgz#944771fd9c81c81265c4d6941860da06bb59479b"
  integrity sha512-EykJT/Q1KjTWctppgIAgfSO0tKVuZUjhgMr17kqTumMl6Afv3EISleU7qZUzoXDFTAHTDC4NOoG/ZxU3EvlMPQ==

ieee754@^1.2.1:
  version "1.2.1"
  resolved "https://registry.yarnpkg.com/ieee754/-/ieee754-1.2.1.tgz#8eb7a10a63fff25d15a57b001586d177d1b0d352"
  integrity sha512-dcyqhDvX1C46lXZcVqCpK+FtMRQVdIMN6/Df5js2zouUsqG7I6sFxitIC+7KYK29KdXOLHdu9zL4sFnoVQnqaA==

inflight@^1.0.4:
  version "1.0.6"
  resolved "https://registry.yarnpkg.com/inflight/-/inflight-1.0.6.tgz#49bd6331d7d02d0c09bc910a1075ba8165b56df9"
  integrity sha512-k92I/b08q4wvFscXCLvqfsHCrjrF7yiXsQuIVvVE7N82W3+aqpzuUdBbfhWcy/FZR3/4IgflMgKLOsvPDrGCJA==
  dependencies:
    once "^1.3.0"
    wrappy "1"

inherits@2, inherits@^2.0.3:
  version "2.0.4"
  resolved "https://registry.yarnpkg.com/inherits/-/inherits-2.0.4.tgz#0fa2c64f932917c3433a0ded55363aae37416b7c"
  integrity sha512-k/vGaX4/Yla3WzyMCvTQOXYeIHvqOKtnqBduzTHpzpQZzAskKMhZ2K+EnBiSM9zGSoIFeMpXKxa4dYeZIQqewQ==

inherits@2.0.3:
  version "2.0.3"
  resolved "https://registry.yarnpkg.com/inherits/-/inherits-2.0.3.tgz#633c2c83e3da42a502f52466022480f4208261de"
  integrity sha512-x00IRNXNy63jwGkJmzPigoySHbaqpNuzKbBOmzK+g2OdZpQ9w+sxCN+VSB3ja7IAge2OP2qpfxTjeNcyjmW1uw==

lodash.snakecase@^4.1.1:
  version "4.1.1"
  resolved "https://registry.yarnpkg.com/lodash.snakecase/-/lodash.snakecase-4.1.1.tgz#39d714a35357147837aefd64b5dcbb16becd8f8d"
  integrity sha512-QZ1d4xoBHYUeuouhEq3lk3Uq7ldgyFXGBhg04+oRLnIz8o9T65Eh+8YdroUwn846zchkA9yDsDl5CVVaV2nqYw==

lodash.uniqwith@^4.5.0:
  version "4.5.0"
  resolved "https://registry.yarnpkg.com/lodash.uniqwith/-/lodash.uniqwith-4.5.0.tgz#7a0cbf65f43b5928625a9d4d0dc54b18cadc7ef3"
  integrity sha512-7lYL8bLopMoy4CTICbxygAUq6CdRJ36vFc80DucPueUee+d5NBRxz3FdT9Pes/HEx5mPoT9jwnsEJWz1N7uq7Q==

minimatch@^3.1.1:
  version "3.1.2"
  resolved "https://registry.yarnpkg.com/minimatch/-/minimatch-3.1.2.tgz#19cd194bfd3e428f049a70817c038d89ab4be35b"
  integrity sha512-J7p63hRiAjw1NDEww1W7i37+ByIrOWO5XQQAzZ3VOcL0PNybwpfmV/N05zFAzwQ9USyEcX6t3UO+K5aqBQOIHw==
  dependencies:
    brace-expansion "^1.1.7"

minimatch@^5.0.1:
  version "5.1.0"
  resolved "https://registry.yarnpkg.com/minimatch/-/minimatch-5.1.0.tgz#1717b464f4971b144f6aabe8f2d0b8e4511e09c7"
  integrity sha512-9TPBGGak4nHfGZsPBohm9AWg6NoT7QTCehS3BIJABslyZbzxfV78QM2Y6+i741OPZIafFAaiiEMh5OyIrJPgtg==
  dependencies:
    brace-expansion "^2.0.1"

ms@^2.1.3:
  version "2.1.3"
  resolved "https://registry.yarnpkg.com/ms/-/ms-2.1.3.tgz#574c8138ce1d2b5861f0b44579dbadd60c6615b2"
  integrity sha512-6FlzubTLZG3J2a/NVCAleEhjzq5oxgHyaCU9yYXvcLsvoVaHJq/s5xXI6/XXP6tz7R9xAOtHnSO/tXtF3WRTlA==

node-recursive-directory@^1.2.0:
  version "1.2.0"
  resolved "https://registry.yarnpkg.com/node-recursive-directory/-/node-recursive-directory-1.2.0.tgz#76fe99cc0b6b3a4f9f6837b43cd2a7647ecddd96"
  integrity sha512-bXNN7lgqqyGHERBSBhAe9sAhnAzrD3I/qX6aHHZTBet6fCPNow3xvUyAIRtQfzBZTc362wr9n89nq4i8wHBvLg==
  dependencies:
    glob "^7.1.6"

once@^1.3.0:
  version "1.4.0"
  resolved "https://registry.yarnpkg.com/once/-/once-1.4.0.tgz#583b1aa775961d4b113ac17d9c50baef9dd76bd1"
  integrity sha512-lNaJgI+2Q5URQBkccEKHTQOPaXdUxnZZElQTZY0MFUAuaEqe1E+Nyvgdz/aIyNi6Z9MzO5dv1H8n58/GELp3+w==
  dependencies:
    wrappy "1"

path-is-absolute@^1.0.0:
  version "1.0.1"
  resolved "https://registry.yarnpkg.com/path-is-absolute/-/path-is-absolute-1.0.1.tgz#174b9268735534ffbc7ace6bf53a5a9e1b5c5f5f"
  integrity sha512-AVbw3UJ2e9bq64vSaS9Am0fje1Pa8pbGqTTsmXfaIiMpnr5DlDhfJOuLj9Sf95ZPVDAUerDfEk88MPmPe7UCQg==

path@^0.12.7:
  version "0.12.7"
  resolved "https://registry.yarnpkg.com/path/-/path-0.12.7.tgz#d4dc2a506c4ce2197eb481ebfcd5b36c0140b10f"
  integrity sha512-aXXC6s+1w7otVF9UletFkFcDsJeO7lSZBPUQhtb5O0xJe8LtYhj/GxldoL09bBj9+ZmE2hNoHqQSFMN5fikh4Q==
  dependencies:
    process "^0.11.1"
    util "^0.10.3"

peek-readable@^5.0.0:
  version "5.0.0"
  resolved "https://registry.yarnpkg.com/peek-readable/-/peek-readable-5.0.0.tgz#7ead2aff25dc40458c60347ea76cfdfd63efdfec"
  integrity sha512-YtCKvLUOvwtMGmrniQPdO7MwPjgkFBtFIrmfSbYmYuq3tKDV/mcfAhBth1+C3ru7uXIZasc/pHnb+YDYNkkj4A==

process@^0.11.1:
  version "0.11.10"
  resolved "https://registry.yarnpkg.com/process/-/process-0.11.10.tgz#7332300e840161bda3e69a1d1d91a7d4bc16f182"
  integrity sha512-cdGef/drWFoydD1JsMzuFf8100nZl+GT+yacc2bEced5f9Rjk4z+WtFUTBu9PhOi9j/jfmBPu0mMEY4wIdAF8A==

readable-stream@^3.6.0:
  version "3.6.0"
  resolved "https://registry.yarnpkg.com/readable-stream/-/readable-stream-3.6.0.tgz#337bbda3adc0706bd3e024426a286d4b4b2c9198"
  integrity sha512-BViHy7LKeTz4oNnkcLJ+lVSL6vpiFeX6/d3oSH8zCW7UxP2onchk+vTGB143xuFjHS3deTgkKoXXymXqymiIdA==
  dependencies:
    inherits "^2.0.3"
    string_decoder "^1.1.1"
    util-deprecate "^1.0.1"

readable-web-to-node-stream@^3.0.2:
  version "3.0.2"
  resolved "https://registry.yarnpkg.com/readable-web-to-node-stream/-/readable-web-to-node-stream-3.0.2.tgz#5d52bb5df7b54861fd48d015e93a2cb87b3ee0bb"
  integrity sha512-ePeK6cc1EcKLEhJFt/AebMCLL+GgSKhuygrZ/GLaKZYEecIgIECf4UaUuaByiGtzckwR4ain9VzUh95T1exYGw==
  dependencies:
    readable-stream "^3.6.0"

safe-buffer@~5.2.0:
  version "5.2.1"
  resolved "https://registry.yarnpkg.com/safe-buffer/-/safe-buffer-5.2.1.tgz#1eaf9fa9bdb1fdd4ec75f58f9cdb4e6b7827eec6"
  integrity sha512-rp3So07KcdmmKbGvgaNxQSJr7bGVSVk5S9Eq1F+ppbRo70+YeaDxkw5Dd8NPN+GD6bjnYm2VuPuCXmpuYvmCXQ==

string_decoder@^1.1.1:
  version "1.3.0"
  resolved "https://registry.yarnpkg.com/string_decoder/-/string_decoder-1.3.0.tgz#42f114594a46cf1a8e30b0a84f56c78c3edac21e"
  integrity sha512-hkRX8U1WjJFd8LsDJ2yQ/wWWxaopEsABU1XfkM8A+j0+85JAGppt16cr1Whg6KIbb4okU6Mql6BOj+uup/wKeA==
  dependencies:
    safe-buffer "~5.2.0"

strtok3@^7.0.0-alpha.9:
  version "7.0.0"
  resolved "https://registry.yarnpkg.com/strtok3/-/strtok3-7.0.0.tgz#868c428b4ade64a8fd8fee7364256001c1a4cbe5"
  integrity sha512-pQ+V+nYQdC5H3Q7qBZAz/MO6lwGhoC2gOAjuouGf/VO0m7vQRh8QNMl2Uf6SwAtzZ9bOw3UIeBukEGNJl5dtXQ==
  dependencies:
    "@tokenizer/token" "^0.3.0"
    peek-readable "^5.0.0"

supports-color@^7.1.0:
  version "7.2.0"
  resolved "https://registry.yarnpkg.com/supports-color/-/supports-color-7.2.0.tgz#1b7dcdcb32b8138801b3e478ba6a51caa89648da"
  integrity sha512-qpCAvRl9stuOHveKsn7HncJRvv501qIacKzQlO/+Lwxc9+0q2wLyv4Dfvt80/DPn2pqOBsJdDiogXGR9+OvwRw==
  dependencies:
    has-flag "^4.0.0"

token-types@^5.0.0-alpha.2:
  version "5.0.1"
  resolved "https://registry.yarnpkg.com/token-types/-/token-types-5.0.1.tgz#aa9d9e6b23c420a675e55413b180635b86a093b4"
  integrity sha512-Y2fmSnZjQdDb9W4w4r1tswlMHylzWIeOKpx0aZH9BgGtACHhrk3OkT52AzwcuqTRBZtvvnTjDBh8eynMulu8Vg==
  dependencies:
    "@tokenizer/token" "^0.3.0"
    ieee754 "^1.2.1"

ts-mixer@^6.0.1:
  version "6.0.1"
  resolved "https://registry.yarnpkg.com/ts-mixer/-/ts-mixer-6.0.1.tgz#7c2627fb98047eb5f3c7f2fee39d1521d18fe87a"
  integrity sha512-hvE+ZYXuINrx6Ei6D6hz+PTim0Uf++dYbK9FFifLNwQj+RwKquhQpn868yZsCtJYiclZF1u8l6WZxxKi+vv7Rg==

tslib@^2.4.0:
  version "2.4.0"
  resolved "https://registry.yarnpkg.com/tslib/-/tslib-2.4.0.tgz#7cecaa7f073ce680a05847aa77be941098f36dc3"
  integrity sha512-d6xOpEDfsi2CZVlPQzGeux8XMwLT9hssAsaPYExaQMuYskwb+x1x7J371tWlbBdWHroy99KnVB6qIkUbs5X3UQ==

undici@^5.8.0, undici@^5.8.2:
  version "5.8.2"
  resolved "https://registry.yarnpkg.com/undici/-/undici-5.8.2.tgz#071fc8a6a5d24db0ad510ad442f607d9b09d5eec"
  integrity sha512-3KLq3pXMS0Y4IELV045fTxqz04Nk9Ms7yfBBHum3yxsTR4XNn+ZCaUbf/mWitgYDAhsplQ0B1G4S5D345lMO3A==

util-deprecate@^1.0.1:
  version "1.0.2"
  resolved "https://registry.yarnpkg.com/util-deprecate/-/util-deprecate-1.0.2.tgz#450d4dc9fa70de732762fbd2d4a28981419a0ccf"
  integrity sha512-EPD5q1uXyFxJpCrLnCc1nHnq3gOa6DZBocAIiI2TaSCA7VCJ1UJDMagCzIkXNsUYfD1daK//LTEQ8xiIbrHtcw==

util@^0.10.3:
  version "0.10.4"
  resolved "https://registry.yarnpkg.com/util/-/util-0.10.4.tgz#3aa0125bfe668a4672de58857d3ace27ecb76901"
  integrity sha512-0Pm9hTQ3se5ll1XihRic3FDIku70C+iHUdT/W926rSgHV5QgXsYbKZN8MSC3tJtSkhuROzvsQjAaFENRXr+19A==
  dependencies:
    inherits "2.0.3"

wrappy@1:
  version "1.0.2"
  resolved "https://registry.yarnpkg.com/wrappy/-/wrappy-1.0.2.tgz#b5243d8f3ec1aa35f1364605bc0d1036e30ab69f"
  integrity sha512-l4Sp/DRseor9wL6EvV2+TuQn63dMkPjZ/sp9XkghTEbV9KlPS1xUsZ3u7/IQO4wxtcFB4bgpQPRcR3QCvezPcQ==

ws@^8.8.1:
  version "8.8.1"
  resolved "https://registry.yarnpkg.com/ws/-/ws-8.8.1.tgz#5dbad0feb7ade8ecc99b830c1d77c913d4955ff0"
  integrity sha512-bGy2JzvzkPowEJV++hF07hAD6niYSr0JzBNo/J29WsB57A2r7Wlc1UFcTR9IzrPvuNVO4B8LGqF8qcpsVOhJCA==
